{
  "pins" : [
    {
      "identity" : "ffmpegkit",
      "kind" : "remoteSourceControl",
      "location" : "https://github.com/NCN-Mobile-Team/FFmpegKit.git",
      "state" : {
        "branch" : "main",
        "revision" : "85b77c589de0360c111de16752db86b60496d70b"
      }
    }
  ],
  "version" : 2
}
